{
  "nodes": {
    "flake-utils": {
      "locked": {
        "lastModified": 1667395993,
        "narHash": "sha256-nuEHfE/LcWyuSWnS8t12N1wc105Qtau+/OdUAjtQ0rA=",
        "owner": "numtide",
        "repo": "flake-utils",
        "rev": "5aed5285a952e0b949eb3ba02c12fa4fcfef535f",
        "type": "github"
      },
      "original": {
        "owner": "numtide",
        "repo": "flake-utils",
        "type": "github"
      }
    },
    "gitignore": {
      "inputs": {
        "nixpkgs": [
          "virsh-json",
          "nixpkgs"
        ]
      },
      "locked": {
        "lastModified": 1703887061,
        "narHash": "sha256-gGPa9qWNc6eCXT/+Z5/zMkyYOuRZqeFZBDbopNZQkuY=",
        "owner": "hercules-ci",
        "repo": "gitignore.nix",
        "rev": "43e1aa1308018f37118e34d3a9cb4f5e75dc11d5",
        "type": "github"
      },
      "original": {
        "owner": "hercules-ci",
        "repo": "gitignore.nix",
        "type": "github"
      }
    },
    "nixpkgs": {
      "locked": {
        "lastModified": 1706373441,
        "narHash": "sha256-S1hbgNbVYhuY2L05OANWqmRzj4cElcbLuIkXTb69xkk=",
        "owner": "nixos",
        "repo": "nixpkgs",
        "rev": "56911ef3403a9318b7621ce745f5452fb9ef6867",
        "type": "github"
      },
      "original": {
        "owner": "nixos",
        "ref": "nixos-23.11",
        "repo": "nixpkgs",
        "type": "github"
      }
    },
    "root": {
      "inputs": {
        "nixpkgs": "nixpkgs",
        "virsh-json": "virsh-json",
        "xc": "xc"
      }
    },
    "virsh-json": {
      "inputs": {
        "gitignore": "gitignore",
        "nixpkgs": [
          "nixpkgs"
        ]
      },
      "locked": {
        "lastModified": 1704708535,
        "narHash": "sha256-96mWyPVQgD2abDWEHd57DxSCm3PcgZpqEdTpdtW4MZ8=",
        "owner": "a-h",
        "repo": "virshjson",
        "rev": "65f3863cfbbdefefeb0e6bb991f06fcd9e28d6c6",
        "type": "github"
      },
      "original": {
        "owner": "a-h",
        "repo": "virshjson",
        "type": "github"
      }
    },
    "xc": {
      "inputs": {
        "flake-utils": "flake-utils",
        "nixpkgs": [
          "nixpkgs"
        ]
      },
      "locked": {
        "lastModified": 1705337295,
        "narHash": "sha256-ubIynv8xm93aB5yPiox0xbu9ht5P9gBUoq6dxlfPsKU=",
        "owner": "joerdav",
        "repo": "xc",
        "rev": "3d9a8892f31271e96e6be6256edcab51d281bb48",
        "type": "github"
      },
      "original": {
        "owner": "joerdav",
        "repo": "xc",
        "type": "github"
      }
    }
  },
  "root": "root",
  "version": 7
}
